
Microsoft Visual Studio Solution File, Format Version 12.00
# Visual Studio Version 17
VisualStudioVersion = 17.10.35122.118
MinimumVisualStudioVersion = 10.0.40219.1
Project("{9A19103F-16F7-4668-BE54-9A1E7A4F7556}") = "HackerSpace", "HackerSpace\HackerSpace\HackerSpace.csproj", "{E369E3C8-1638-496D-BA41-30276E329F29}"
EndProject
Project("{9A19103F-16F7-4668-BE54-9A1E7A4F7556}") = "HackerSpace.Client", "HackerSpace\HackerSpace.Client\HackerSpace.Client.csproj", "{688B6CFA-7FAE-4284-B5C3-8560B8DC675E}"
EndProject
Project("{2150E333-8FDC-42A3-9474-1A3956D46DE8}") = "Solution Items", "Solution Items", "{8DB8E266-387A-4864-BBAD-675E884EBA38}"
EndProject
Project("{FAE04EC0-301F-11D3-BF4B-00C04F79EFBC}") = "Entities", "Entities\Entities.csproj", "{0EAB386E-0C5E-42CD-9C50-6407E0BCA3A9}"
EndProject
Global
	GlobalSection(SolutionConfigurationPlatforms) = preSolution
		Debug|Any CPU = Debug|Any CPU
		Release|Any CPU = Release|Any CPU
	EndGlobalSection
	GlobalSection(ProjectConfigurationPlatforms) = postSolution
		{E369E3C8-1638-496D-BA41-30276E329F29}.Debug|Any CPU.ActiveCfg = Debug|Any CPU
		{E369E3C8-1638-496D-BA41-30276E329F29}.Debug|Any CPU.Build.0 = Debug|Any CPU
		{E369E3C8-1638-496D-BA41-30276E329F29}.Release|Any CPU.ActiveCfg = Release|Any CPU
		{E369E3C8-1638-496D-BA41-30276E329F29}.Release|Any CPU.Build.0 = Release|Any CPU
		{688B6CFA-7FAE-4284-B5C3-8560B8DC675E}.Debug|Any CPU.ActiveCfg = Debug|Any CPU
		{688B6CFA-7FAE-4284-B5C3-8560B8DC675E}.Debug|Any CPU.Build.0 = Debug|Any CPU
		{688B6CFA-7FAE-4284-B5C3-8560B8DC675E}.Release|Any CPU.ActiveCfg = Release|Any CPU
		{688B6CFA-7FAE-4284-B5C3-8560B8DC675E}.Release|Any CPU.Build.0 = Release|Any CPU
		{0EAB386E-0C5E-42CD-9C50-6407E0BCA3A9}.Debug|Any CPU.ActiveCfg = Debug|Any CPU
		{0EAB386E-0C5E-42CD-9C50-6407E0BCA3A9}.Debug|Any CPU.Build.0 = Debug|Any CPU
		{0EAB386E-0C5E-42CD-9C50-6407E0BCA3A9}.Release|Any CPU.ActiveCfg = Release|Any CPU
		{0EAB386E-0C5E-42CD-9C50-6407E0BCA3A9}.Release|Any CPU.Build.0 = Release|Any CPU
	EndGlobalSection
	GlobalSection(SolutionProperties) = preSolution
		HideSolutionNode = FALSE
	EndGlobalSection
	GlobalSection(ExtensibilityGlobals) = postSolution
		SolutionGuid = {CADEA7A8-90D6-4EB1-96C1-8CF88E424149}
	EndGlobalSection
EndGlobal
